PODS:
  - BlurryModalSegue (1.1.2):
    - MZAppearance (~> 1.1.1)
    - UIImage+BlurredFrame (~> 0.0.4)
  - FSMediaPicker (0.0.2)
  - MZAppearance (1.1.4)
  - MZFormSheetController (3.0.3):
    - MZAppearance
    - MZFormSheetController/Core (= 3.0.3)
  - MZFormSheetController/Core (3.0.3):
    - MZAppearance
  - SDWebImage (3.7.2):
    - SDWebImage/Core (= 3.7.2)
  - SDWebImage/Core (3.7.2)
  - UIImage+BlurredFrame (0.0.4)

DEPENDENCIES:
  - BlurryModalSegue
  - FSMediaPicker
  - MZFormSheetController
  - SDWebImage

SPEC CHECKSUMS:
  BlurryModalSegue: 35cdad34eba31228e4d84073033a9ea7d6537aa4
  FSMediaPicker: 89c5fe9894a288db7c87c255bdb7856e33dc4073
  MZAppearance: 417ac97a5dd739329545e44372e06f715b7e5c15
  MZFormSheetController: 36771856696eeef2eaec9b18c75791d3c95cb661
  SDWebImage: 71b7cdc1d1721d6a82ed62889030225f2c249e29
  UIImage+BlurredFrame: ad2f7195c6947ea3117c7d202f75a51958d5061a

COCOAPODS: 0.36.4
