PODS:
  - AFNetworking (3.0.4):
    - AFNetworking/NSURLSession (= 3.0.4)
    - AFNetworking/Reachability (= 3.0.4)
    - AFNetworking/Security (= 3.0.4)
    - AFNetworking/Serialization (= 3.0.4)
    - AFNetworking/UIKit (= 3.0.4)
  - AFNetworking/NSURLSession (3.0.4):
    - AFNetworking/Reachability
    - AFNetworking/Security
    - AFNetworking/Serialization
  - AFNetworking/Reachability (3.0.4)
  - AFNetworking/Security (3.0.4)
  - AFNetworking/Serialization (3.0.4)
  - AFNetworking/UIKit (3.0.4):
    - AFNetworking/NSURLSession
  - BlurryModalSegue (1.1.2):
    - MZAppearance (~> 1.1.1)
    - UIImage+BlurredFrame (~> 0.0.4)
  - DACircularProgress (2.3.1)
  - EaseMobSDKFull (2.1.7)
  - EaseUI (1.0.0):
    - MJRefresh (~> 3.0.6)
    - MWPhotoBrowser (~> 2.1.1)
  - FSMediaPicker (0.0.2)
  - ImagePlayerView (1.1.2)
  - IQKeyboardManager (3.3.6)
  - KNSemiModalViewController (0.3)
  - KVNProgress (2.2.2)
  - MBProgressHUD (0.9.2)
  - MJRefresh (3.0.8)
  - MWPhotoBrowser (2.1.1):
    - DACircularProgress (~> 2.3)
    - MBProgressHUD (~> 0.9)
    - SDWebImage (!= 3.7.2, ~> 3.7)
  - MYBlurIntroductionView (1.0.3)
  - MZAppearance (1.1.6)
  - SDWebImage (3.7.5):
    - SDWebImage/Core (= 3.7.5)
  - SDWebImage/Core (3.7.5)
  - UIImage+BlurredFrame (0.0.4)

DEPENDENCIES:
  - AFNetworking
  - BlurryModalSegue
  - EaseMobSDKFull
  - EaseUI (from `https://github.com/easemob/easeui-ios-cocoapods.git`)
  - FSMediaPicker
  - ImagePlayerView
  - IQKeyboardManager
  - KNSemiModalViewController
  - KVNProgress
  - MYBlurIntroductionView
  - SDWebImage

EXTERNAL SOURCES:
  EaseUI:
    :git: https://github.com/easemob/easeui-ios-cocoapods.git

CHECKOUT OPTIONS:
  EaseUI:
    :commit: 1c28cffad34e5ab636670acb4102efa071319cb4
    :git: https://github.com/easemob/easeui-ios-cocoapods.git

SPEC CHECKSUMS:
  AFNetworking: a0075feb321559dc78d9d85b55d11caa19eabb93
  BlurryModalSegue: 35cdad34eba31228e4d84073033a9ea7d6537aa4
  DACircularProgress: 4dd437c0fc3da5161cb289e07ac449493d41db71
  EaseMobSDKFull: 43858ca9a62bbe1fa4c7c006f944a3e52a4bff48
  EaseUI: d62934d78e680c36d70b281ed31c9195a465a145
  FSMediaPicker: 89c5fe9894a288db7c87c255bdb7856e33dc4073
  ImagePlayerView: 127c82f198721aa7bcad57f87598cd125043aa84
  IQKeyboardManager: 037cf3aec1d0a045108859a47818714eb1bfc149
  KNSemiModalViewController: 8c0056377714b5170c52c65977d540200405411f
  KVNProgress: 4697347e21e37fdaa5264ebc24e377c205a50328
  MBProgressHUD: 1569cf7ace17a8bac47aabfbb8580a49690386d1
  MJRefresh: fafde8f18f4afd66b434331a9beb67a6c0264056
  MWPhotoBrowser: ba0d0c09ffda3a7ea10093518738c502c1c7141c
  MYBlurIntroductionView: b12651c25574580472ff34989a4c5b81c157009f
  MZAppearance: 0c06d3fa9cc55142f1da14bc8631fbe8fd6e19d5
  SDWebImage: 69c6303e3348fba97e03f65d65d4fbc26740f461
  UIImage+BlurredFrame: ad2f7195c6947ea3117c7d202f75a51958d5061a

COCOAPODS: 0.39.0
