// !$*UTF8*$!
{
	archiveVersion = 1;
	classes = {
	};
	objectVersion = 46;
	objects = {

/* Begin PBXBuildFile section */
		0B5FDEFE1AD6A2EF00773360 /* AppDelegate.swift in Sources */ = {isa = PBXBuildFile; fileRef = 0B5FDEFD1AD6A2EF00773360 /* AppDelegate.swift */; };
		0B5FDF001AD6A2EF00773360 /* ViewController.swift in Sources */ = {isa = PBXBuildFile; fileRef = 0B5FDEFF1AD6A2EF00773360 /* ViewController.swift */; };
		0B5FDF031AD6A2EF00773360 /* Main.storyboard in Resources */ = {isa = PBXBuildFile; fileRef = 0B5FDF011AD6A2EF00773360 /* Main.storyboard */; };
		0B5FDF051AD6A2EF00773360 /* Images.xcassets in Resources */ = {isa = PBXBuildFile; fileRef = 0B5FDF041AD6A2EF00773360 /* Images.xcassets */; };
		0B5FDF081AD6A2EF00773360 /* LaunchScreen.xib in Resources */ = {isa = PBXBuildFile; fileRef = 0B5FDF061AD6A2EF00773360 /* LaunchScreen.xib */; };
		0B5FDF141AD6A2EF00773360 /* YoulvTests.swift in Sources */ = {isa = PBXBuildFile; fileRef = 0B5FDF131AD6A2EF00773360 /* YoulvTests.swift */; };
/* End PBXBuildFile section */

/* Begin PBXContainerItemProxy section */
		0B5FDF0E1AD6A2EF00773360 /* PBXContainerItemProxy */ = {
			isa = PBXContainerItemProxy;
			containerPortal = 0B5FDEF01AD6A2EF00773360 /* Project object */;
			proxyType = 1;
			remoteGlobalIDString = 0B5FDEF71AD6A2EF00773360;
			remoteInfo = Youlv;
		};
/* End PBXContainerItemProxy section */

/* Begin PBXFileReference section */
		0B5FDEF81AD6A2EF00773360 /* Youlv.app */ = {isa = PBXFileReference; explicitFileType = wrapper.application; includeInIndex = 0; path = Youlv.app; sourceTree = BUILT_PRODUCTS_DIR; };
		0B5FDEFC1AD6A2EF00773360 /* Info.plist */ = {isa = PBXFileReference; lastKnownFileType = text.plist.xml; path = Info.plist; sourceTree = "<group>"; };
		0B5FDEFD1AD6A2EF00773360 /* AppDelegate.swift */ = {isa = PBXFileReference; lastKnownFileType = sourcecode.swift; path = AppDelegate.swift; sourceTree = "<group>"; };
		0B5FDEFF1AD6A2EF00773360 /* ViewController.swift */ = {isa = PBXFileReference; lastKnownFileType = sourcecode.swift; path = ViewController.swift; sourceTree = "<group>"; };
		0B5FDF021AD6A2EF00773360 /* Base */ = {isa = PBXFileReference; lastKnownFileType = file.storyboard; name = Base; path = Base.lproj/Main.storyboard; sourceTree = "<group>"; };
		0B5FDF041AD6A2EF00773360 /* Images.xcassets */ = {isa = PBXFileReference; lastKnownFileType = folder.assetcatalog; path = Images.xcassets; sourceTree = "<group>"; };
		0B5FDF071AD6A2EF00773360 /* Base */ = {isa = PBXFileReference; lastKnownFileType = file.xib; name = Base; path = Base.lproj/LaunchScreen.xib; sourceTree = "<group>"; };
		0B5FDF0D1AD6A2EF00773360 /* YoulvTests.xctest */ = {isa = PBXFileReference; explicitFileType = wrapper.cfbundle; includeInIndex = 0; path = YoulvTests.xctest; sourceTree = BUILT_PRODUCTS_DIR; };
		0B5FDF121AD6A2EF00773360 /* Info.plist */ = {isa = PBXFileReference; lastKnownFileType = text.plist.xml; path = Info.plist; sourceTree = "<group>"; };
		0B5FDF131AD6A2EF00773360 /* YoulvTests.swift */ = {isa = PBXFileReference; lastKnownFileType = sourcecode.swift; path = YoulvTests.swift; sourceTree = "<group>"; };
/* End PBXFileReference section */

/* Begin PBXFrameworksBuildPhase section */
		0B5FDEF51AD6A2EF00773360 /* Frameworks */ = {
			isa = PBXFrameworksBuildPhase;
			buildActionMask = 2147483647;
			files = (
			);
			runOnlyForDeploymentPostprocessing = 0;
		};
		0B5FDF0A1AD6A2EF00773360 /* Frameworks */ = {
			isa = PBXFrameworksBuildPhase;
			buildActionMask = 2147483647;
			files = (
			);
			runOnlyForDeploymentPostprocessing = 0;
		};
/* End PBXFrameworksBuildPhase section */

/* Begin PBXGroup section */
		0B5FDEEF1AD6A2EF00773360 = {
			isa = PBXGroup;
			children = (
				0B5FDEFA1AD6A2EF00773360 /* Youlv */,
				0B5FDF101AD6A2EF00773360 /* YoulvTests */,
				0B5FDEF91AD6A2EF00773360 /* Products */,
			);
			sourceTree = "<group>";
		};
		0B5FDEF91AD6A2EF00773360 /* Products */ = {
			isa = PBXGroup;
			children = (
				0B5FDEF81AD6A2EF00773360 /* Youlv.app */,
				0B5FDF0D1AD6A2EF00773360 /* YoulvTests.xctest */,
			);
			name = Products;
			sourceTree = "<group>";
		};
		0B5FDEFA1AD6A2EF00773360 /* Youlv */ = {
			isa = PBXGroup;
			children = (
				0B5FDEFD1AD6A2EF00773360 /* AppDelegate.swift */,
				0B5FDEFF1AD6A2EF00773360 /* ViewController.swift */,
				0B5FDF011AD6A2EF00773360 /* Main.storyboard */,
				0B5FDF041AD6A2EF00773360 /* Images.xcassets */,
				0B5FDF061AD6A2EF00773360 /* LaunchScreen.xib */,
				0B5FDEFB1AD6A2EF00773360 /* Supporting Files */,
			);
			path = Youlv;
			sourceTree = "<group>";
		};
		0B5FDEFB1AD6A2EF00773360 /* Supporting Files */ = {
			isa = PBXGroup;
			children = (
				0B5FDEFC1AD6A2EF00773360 /* Info.plist */,
			);
			name = "Supporting Files";
			sourceTree = "<group>";
		};
		0B5FDF101AD6A2EF00773360 /* YoulvTests */ = {
			isa = PBXGroup;
			children = (
				0B5FDF131AD6A2EF00773360 /* YoulvTests.swift */,
				0B5FDF111AD6A2EF00773360 /* Supporting Files */,
			);
			path = YoulvTests;
			sourceTree = "<group>";
		};
		0B5FDF111AD6A2EF00773360 /* Supporting Files */ = {
			isa = PBXGroup;
			children = (
				0B5FDF121AD6A2EF00773360 /* Info.plist */,
			);
			name = "Supporting Files";
			sourceTree = "<group>";
		};
/* End PBXGroup section */

/* Begin PBXNativeTarget section */
		0B5FDEF71AD6A2EF00773360 /* Youlv */ = {
			isa = PBXNativeTarget;
			buildConfigurationList = 0B5FDF171AD6A2EF00773360 /* Build configuration list for PBXNativeTarget "Youlv" */;
			buildPhases = (
				0B5FDEF41AD6A2EF00773360 /* Sources */,
				0B5FDEF51AD6A2EF00773360 /* Frameworks */,
				0B5FDEF61AD6A2EF00773360 /* Resources */,
			);
			buildRules = (
			);
			dependencies = (
			);
			name = Youlv;
			productName = Youlv;
			productReference = 0B5FDEF81AD6A2EF00773360 /* Youlv.app */;
			productType = "com.apple.product-type.application";
		};
		0B5FDF0C1AD6A2EF00773360 /* YoulvTests */ = {
			isa = PBXNativeTarget;
			buildConfigurationList = 0B5FDF1A1AD6A2EF00773360 /* Build configuration list for PBXNativeTarget "YoulvTests" */;
			buildPhases = (
				0B5FDF091AD6A2EF00773360 /* Sources */,
				0B5FDF0A1AD6A2EF00773360 /* Frameworks */,
				0B5FDF0B1AD6A2EF00773360 /* Resources */,
			);
			buildRules = (
			);
			dependencies = (
				0B5FDF0F1AD6A2EF00773360 /* PBXTargetDependency */,
			);
			name = YoulvTests;
			productName = YoulvTests;
			productReference = 0B5FDF0D1AD6A2EF00773360 /* YoulvTests.xctest */;
			productType = "com.apple.product-type.bundle.unit-test";
		};
/* End PBXNativeTarget section */

/* Begin PBXProject section */
		0B5FDEF01AD6A2EF00773360 /* Project object */ = {
			isa = PBXProject;
			attributes = {
				LastUpgradeCheck = 0620;
				ORGANIZATIONNAME = Ramy;
				TargetAttributes = {
					0B5FDEF71AD6A2EF00773360 = {
						CreatedOnToolsVersion = 6.2;
					};
					0B5FDF0C1AD6A2EF00773360 = {
						CreatedOnToolsVersion = 6.2;
						TestTargetID = 0B5FDEF71AD6A2EF00773360;
					};
				};
			};
			buildConfigurationList = 0B5FDEF31AD6A2EF00773360 /* Build configuration list for PBXProject "Youlv" */;
			compatibilityVersion = "Xcode 3.2";
			developmentRegion = English;
			hasScannedForEncodings = 0;
			knownRegions = (
				en,
				Base,
			);
			mainGroup = 0B5FDEEF1AD6A2EF00773360;
			productRefGroup = 0B5FDEF91AD6A2EF00773360 /* Products */;
			projectDirPath = "";
			projectRoot = "";
			targets = (
				0B5FDEF71AD6A2EF00773360 /* Youlv */,
				0B5FDF0C1AD6A2EF00773360 /* YoulvTests */,
			);
		};
/* End PBXProject section */

/* Begin PBXResourcesBuildPhase section */
		0B5FDEF61AD6A2EF00773360 /* Resources */ = {
			isa = PBXResourcesBuildPhase;
			buildActionMask = 2147483647;
			files = (
				0B5FDF031AD6A2EF00773360 /* Main.storyboard in Resources */,
				0B5FDF081AD6A2EF00773360 /* LaunchScreen.xib in Resources */,
				0B5FDF051AD6A2EF00773360 /* Images.xcassets in Resources */,
			);
			runOnlyForDeploymentPostprocessing = 0;
		};
		0B5FDF0B1AD6A2EF00773360 /* Resources */ = {
			isa = PBXResourcesBuildPhase;
			buildActionMask = 2147483647;
			files = (
			);
			runOnlyForDeploymentPostprocessing = 0;
		};
/* End PBXResourcesBuildPhase section */

/* Begin PBXSourcesBuildPhase section */
		0B5FDEF41AD6A2EF00773360 /* Sources */ = {
			isa = PBXSourcesBuildPhase;
			buildActionMask = 2147483647;
			files = (
				0B5FDF001AD6A2EF00773360 /* ViewController.swift in Sources */,
				0B5FDEFE1AD6A2EF00773360 /* AppDelegate.swift in Sources */,
			);
			runOnlyForDeploymentPostprocessing = 0;
		};
		0B5FDF091AD6A2EF00773360 /* Sources */ = {
			isa = PBXSourcesBuildPhase;
			buildActionMask = 2147483647;
			files = (
				0B5FDF141AD6A2EF00773360 /* YoulvTests.swift in Sources */,
			);
			runOnlyForDeploymentPostprocessing = 0;
		};
/* End PBXSourcesBuildPhase section */

/* Begin PBXTargetDependency section */
		0B5FDF0F1AD6A2EF00773360 /* PBXTargetDependency */ = {
			isa = PBXTargetDependency;
			target = 0B5FDEF71AD6A2EF00773360 /* Youlv */;
			targetProxy = 0B5FDF0E1AD6A2EF00773360 /* PBXContainerItemProxy */;
		};
/* End PBXTargetDependency section */

/* Begin PBXVariantGroup section */
		0B5FDF011AD6A2EF00773360 /* Main.storyboard */ = {
			isa = PBXVariantGroup;
			children = (
				0B5FDF021AD6A2EF00773360 /* Base */,
			);
			name = Main.storyboard;
			sourceTree = "<group>";
		};
		0B5FDF061AD6A2EF00773360 /* LaunchScreen.xib */ = {
			isa = PBXVariantGroup;
			children = (
				0B5FDF071AD6A2EF00773360 /* Base */,
			);
			name = LaunchScreen.xib;
			sourceTree = "<group>";
		};
/* End PBXVariantGroup section */

/* Begin XCBuildConfiguration section */
		0B5FDF151AD6A2EF00773360 /* Debug */ = {
			isa = XCBuildConfiguration;
			buildSettings = {
				ALWAYS_SEARCH_USER_PATHS = NO;
				CLANG_CXX_LANGUAGE_STANDARD = "gnu++0x";
				CLANG_CXX_LIBRARY = "libc++";
				CLANG_ENABLE_MODULES = YES;
				CLANG_ENABLE_OBJC_ARC = YES;
				CLANG_WARN_BOOL_CONVERSION = YES;
				CLANG_WARN_CONSTANT_CONVERSION = YES;
				CLANG_WARN_DIRECT_OBJC_ISA_USAGE = YES_ERROR;
				CLANG_WARN_EMPTY_BODY = YES;
				CLANG_WARN_ENUM_CONVERSION = YES;
				CLANG_WARN_INT_CONVERSION = YES;
				CLANG_WARN_OBJC_ROOT_CLASS = YES_ERROR;
				CLANG_WARN_UNREACHABLE_CODE = YES;
				CLANG_WARN__DUPLICATE_METHOD_MATCH = YES;
				"CODE_SIGN_IDENTITY[sdk=iphoneos*]" = "iPhone Developer";
				COPY_PHASE_STRIP = NO;
				ENABLE_STRICT_OBJC_MSGSEND = YES;
				GCC_C_LANGUAGE_STANDARD = gnu99;
				GCC_DYNAMIC_NO_PIC = NO;
				GCC_OPTIMIZATION_LEVEL = 0;
				GCC_PREPROCESSOR_DEFINITIONS = (
					"DEBUG=1",
					"$(inherited)",
				);
				GCC_SYMBOLS_PRIVATE_EXTERN = NO;
				GCC_WARN_64_TO_32_BIT_CONVERSION = YES;
				GCC_WARN_ABOUT_RETURN_TYPE = YES_ERROR;
				GCC_WARN_UNDECLARED_SELECTOR = YES;
				GCC_WARN_UNINITIALIZED_AUTOS = YES_AGGRESSIVE;
				GCC_WARN_UNUSED_FUNCTION = YES;
				GCC_WARN_UNUSED_VARIABLE = YES;
				IPHONEOS_DEPLOYMENT_TARGET = 8.2;
				MTL_ENABLE_DEBUG_INFO = YES;
				ONLY_ACTIVE_ARCH = YES;
				SDKROOT = iphoneos;
				SWIFT_OPTIMIZATION_LEVEL = "-Onone";
				TARGETED_DEVICE_FAMILY = "1,2";
			};
			name = Debug;
		};
		0B5FDF161AD6A2EF00773360 /* Release */ = {
			isa = XCBuildConfiguration;
			buildSettings = {
				ALWAYS_SEARCH_USER_PATHS = NO;
				CLANG_CXX_LANGUAGE_STANDARD = "gnu++0x";
				CLANG_CXX_LIBRARY = "libc++";
				CLANG_ENABLE_MODULES = YES;
				CLANG_ENABLE_OBJC_ARC = YES;
				CLANG_WARN_BOOL_CONVERSION = YES;
				CLANG_WARN_CONSTANT_CONVERSION = YES;
				CLANG_WARN_DIRECT_OBJC_ISA_USAGE = YES_ERROR;
				CLANG_WARN_EMPTY_BODY = YES;
				CLANG_WARN_ENUM_CONVERSION = YES;
				CLANG_WARN_INT_CONVERSION = YES;
				CLANG_WARN_OBJC_ROOT_CLASS = YES_ERROR;
				CLANG_WARN_UNREACHABLE_CODE = YES;
				CLANG_WARN__DUPLICATE_METHOD_MATCH = YES;
				"CODE_SIGN_IDENTITY[sdk=iphoneos*]" = "iPhone Developer";
				COPY_PHASE_STRIP = NO;
				ENABLE_NS_ASSERTIONS = NO;
				ENABLE_STRICT_OBJC_MSGSEND = YES;
				GCC_C_LANGUAGE_STANDARD = gnu99;
				GCC_WARN_64_TO_32_BIT_CONVERSION = YES;
				GCC_WARN_ABOUT_RETURN_TYPE = YES_ERROR;
				GCC_WARN_UNDECLARED_SELECTOR = YES;
				GCC_WARN_UNINITIALIZED_AUTOS = YES_AGGRESSIVE;
				GCC_WARN_UNUSED_FUNCTION = YES;
				GCC_WARN_UNUSED_VARIABLE = YES;
				IPHONEOS_DEPLOYMENT_TARGET = 8.2;
				MTL_ENABLE_DEBUG_INFO = NO;
				SDKROOT = iphoneos;
				TARGETED_DEVICE_FAMILY = "1,2";
				VALIDATE_PRODUCT = YES;
			};
			name = Release;
		};
		0B5FDF181AD6A2EF00773360 /* Debug */ = {
			isa = XCBuildConfiguration;
			buildSettings = {
				ASSETCATALOG_COMPILER_APPICON_NAME = AppIcon;
				ASSETCATALOG_COMPILER_LAUNCHIMAGE_NAME = LaunchImage;
				INFOPLIST_FILE = Youlv/Info.plist;
				IPHONEOS_DEPLOYMENT_TARGET = 7.0;
				LD_RUNPATH_SEARCH_PATHS = "$(inherited) @executable_path/Frameworks";
				PRODUCT_NAME = "$(TARGET_NAME)";
			};
			name = Debug;
		};
		0B5FDF191AD6A2EF00773360 /* Release */ = {
			isa = XCBuildConfiguration;
			buildSettings = {
				ASSETCATALOG_COMPILER_APPICON_NAME = AppIcon;
				ASSETCATALOG_COMPILER_LAUNCHIMAGE_NAME = LaunchImage;
				INFOPLIST_FILE = Youlv/Info.plist;
				IPHONEOS_DEPLOYMENT_TARGET = 7.0;
				LD_RUNPATH_SEARCH_PATHS = "$(inherited) @executable_path/Frameworks";
				PRODUCT_NAME = "$(TARGET_NAME)";
			};
			name = Release;
		};
		0B5FDF1B1AD6A2EF00773360 /* Debug */ = {
			isa = XCBuildConfiguration;
			buildSettings = {
				BUNDLE_LOADER = "$(TEST_HOST)";
				FRAMEWORK_SEARCH_PATHS = (
					"$(SDKROOT)/Developer/Library/Frameworks",
					"$(inherited)",
				);
				GCC_PREPROCESSOR_DEFINITIONS = (
					"DEBUG=1",
					"$(inherited)",
				);
				INFOPLIST_FILE = YoulvTests/Info.plist;
				LD_RUNPATH_SEARCH_PATHS = "$(inherited) @executable_path/Frameworks @loader_path/Frameworks";
				PRODUCT_NAME = "$(TARGET_NAME)";
				TEST_HOST = "$(BUILT_PRODUCTS_DIR)/Youlv.app/Youlv";
			};
			name = Debug;
		};
		0B5FDF1C1AD6A2EF00773360 /* Release */ = {
			isa = XCBuildConfiguration;
			buildSettings = {
				BUNDLE_LOADER = "$(TEST_HOST)";
				FRAMEWORK_SEARCH_PATHS = (
					"$(SDKROOT)/Developer/Library/Frameworks",
					"$(inherited)",
				);
				INFOPLIST_FILE = YoulvTests/Info.plist;
				LD_RUNPATH_SEARCH_PATHS = "$(inherited) @executable_path/Frameworks @loader_path/Frameworks";
				PRODUCT_NAME = "$(TARGET_NAME)";
				TEST_HOST = "$(BUILT_PRODUCTS_DIR)/Youlv.app/Youlv";
			};
			name = Release;
		};
/* End XCBuildConfiguration section */

/* Begin XCConfigurationList section */
		0B5FDEF31AD6A2EF00773360 /* Build configuration list for PBXProject "Youlv" */ = {
			isa = XCConfigurationList;
			buildConfigurations = (
				0B5FDF151AD6A2EF00773360 /* Debug */,
				0B5FDF161AD6A2EF00773360 /* Release */,
			);
			defaultConfigurationIsVisible = 0;
			defaultConfigurationName = Release;
		};
		0B5FDF171AD6A2EF00773360 /* Build configuration list for PBXNativeTarget "Youlv" */ = {
			isa = XCConfigurationList;
			buildConfigurations = (
				0B5FDF181AD6A2EF00773360 /* Debug */,
				0B5FDF191AD6A2EF00773360 /* Release */,
			);
			defaultConfigurationIsVisible = 0;
		};
		0B5FDF1A1AD6A2EF00773360 /* Build configuration list for PBXNativeTarget "YoulvTests" */ = {
			isa = XCConfigurationList;
			buildConfigurations = (
				0B5FDF1B1AD6A2EF00773360 /* Debug */,
				0B5FDF1C1AD6A2EF00773360 /* Release */,
			);
			defaultConfigurationIsVisible = 0;
		};
/* End XCConfigurationList section */
	};
	rootObject = 0B5FDEF01AD6A2EF00773360 /* Project object */;
}
